
Microsoft Visual Studio Solution File, Format Version 12.00
# Visual Studio Version 16
VisualStudioVersion = 16.0.33027.164
MinimumVisualStudioVersion = 10.0.40219.1
Project("{FAE04EC0-301F-11D3-BF4B-00C04F79EFBC}") = "MvcStoredProcedureSample", "MvcStoredProcedureSample\MvcStoredProcedureSample.csproj", "{CA28F607-5144-49C5-B71F-0F405DE71434}"
EndProject
Global
	GlobalSection(SolutionConfigurationPlatforms) = preSolution
		Debug|Any CPU = Debug|Any CPU
		Release|Any CPU = Release|Any CPU
	EndGlobalSection
	GlobalSection(ProjectConfigurationPlatforms) = postSolution
		{CA28F607-5144-49C5-B71F-0F405DE71434}.Debug|Any CPU.ActiveCfg = Debug|Any CPU
		{CA28F607-5144-49C5-B71F-0F405DE71434}.Debug|Any CPU.Build.0 = Debug|Any CPU
		{CA28F607-5144-49C5-B71F-0F405DE71434}.Release|Any CPU.ActiveCfg = Release|Any CPU
		{CA28F607-5144-49C5-B71F-0F405DE71434}.Release|Any CPU.Build.0 = Release|Any CPU
	EndGlobalSection
	GlobalSection(SolutionProperties) = preSolution
		HideSolutionNode = FALSE
	EndGlobalSection
	GlobalSection(ExtensibilityGlobals) = postSolution
		SolutionGuid = {557D56C0-9A76-400F-B82A-638F4B3265D6}
	EndGlobalSection
EndGlobal
